
Microsoft Visual Studio Solution File, Format Version 12.00
# Visual Studio 15
VisualStudioVersion = 15.0.28307.102
MinimumVisualStudioVersion = 10.0.40219.1
Project("{FAE04EC0-301F-11D3-BF4B-00C04F79EFBC}") = "Community.Foundation.DesignBot", "src\Foundation\DesignBot\code\Community.Foundation.DesignBot.csproj", "{3DA98685-0E06-489F-87DC-A941021DB009}"
EndProject
Project("{2150E333-8FDC-42A3-9474-1A3956D46DE8}") = "ReadMe", "ReadMe", "{88DB2195-6B03-45AB-B2DC-92A075D5C825}"
	ProjectSection(SolutionItems) = preProject
		README.md = README.md
	EndProjectSection
EndProject
Global
	GlobalSection(SolutionConfigurationPlatforms) = preSolution
		Debug|Any CPU = Debug|Any CPU
		Release|Any CPU = Release|Any CPU
	EndGlobalSection
	GlobalSection(ProjectConfigurationPlatforms) = postSolution
		{3DA98685-0E06-489F-87DC-A941021DB009}.Debug|Any CPU.ActiveCfg = Debug|Any CPU
		{3DA98685-0E06-489F-87DC-A941021DB009}.Debug|Any CPU.Build.0 = Debug|Any CPU
		{3DA98685-0E06-489F-87DC-A941021DB009}.Release|Any CPU.ActiveCfg = Release|Any CPU
		{3DA98685-0E06-489F-87DC-A941021DB009}.Release|Any CPU.Build.0 = Release|Any CPU
	EndGlobalSection
	GlobalSection(SolutionProperties) = preSolution
		HideSolutionNode = FALSE
	EndGlobalSection
	GlobalSection(ExtensibilityGlobals) = postSolution
		SolutionGuid = {E439BEAA-4949-4E71-A9DB-EEF030434729}
	EndGlobalSection
EndGlobal
